// !$*UTF8*$!
{
	archiveVersion = 1;
	classes = {
	};
	objectVersion = 48;
	objects = {

/* Begin PBXBuildFile section */
		4BE7A6762040046F00F53E21 /* AppDelegate.m in Sources */ = {isa = PBXBuildFile; fileRef = 4BE7A6752040046F00F53E21 /* AppDelegate.m */; };
		4BE7A6792040046F00F53E21 /* ViewController.m in Sources */ = {isa = PBXBuildFile; fileRef = 4BE7A6782040046F00F53E21 /* ViewController.m */; };
		4BE7A67C2040046F00F53E21 /* Main.storyboard in Resources */ = {isa = PBXBuildFile; fileRef = 4BE7A67A2040046F00F53E21 /* Main.storyboard */; };
		4BE7A67E2040046F00F53E21 /* Assets.xcassets in Resources */ = {isa = PBXBuildFile; fileRef = 4BE7A67D2040046F00F53E21 /* Assets.xcassets */; };
		4BE7A6812040046F00F53E21 /* LaunchScreen.storyboard in Resources */ = {isa = PBXBuildFile; fileRef = 4BE7A67F2040046F00F53E21 /* LaunchScreen.storyboard */; };
		4BE7A6842040046F00F53E21 /* main.m in Sources */ = {isa = PBXBuildFile; fileRef = 4BE7A6832040046F00F53E21 /* main.m */; };
		4BE7A68C2040048400F53E21 /* KKLabelView.m in Sources */ = {isa = PBXBuildFile; fileRef = 4BE7A68B2040048300F53E21 /* KKLabelView.m */; };
		4BE7A68F204004BA00F53E21 /* NSString+Extension.m in Sources */ = {isa = PBXBuildFile; fileRef = 4BE7A68D204004BA00F53E21 /* NSString+Extension.m */; };
		4BE7A692204004C500F53E21 /* UIViewExt.m in Sources */ = {isa = PBXBuildFile; fileRef = 4BE7A691204004C500F53E21 /* UIViewExt.m */; };
		4BE7A695204004CD00F53E21 /* UIView+IBExtension.m in Sources */ = {isa = PBXBuildFile; fileRef = 4BE7A693204004CD00F53E21 /* UIView+IBExtension.m */; };
		4BE7A69A204004D900F53E21 /* UIColor+Extension.m in Sources */ = {isa = PBXBuildFile; fileRef = 4BE7A697204004D800F53E21 /* UIColor+Extension.m */; };
		4BE7A69B204004D900F53E21 /* UIButton+Extension.m in Sources */ = {isa = PBXBuildFile; fileRef = 4BE7A698204004D800F53E21 /* UIButton+Extension.m */; };
		4BE7A69E204005B600F53E21 /* UIScreen+Extension.m in Sources */ = {isa = PBXBuildFile; fileRef = 4BE7A69D204005B600F53E21 /* UIScreen+Extension.m */; };
/* End PBXBuildFile section */

/* Begin PBXFileReference section */
		4BE7A6712040046F00F53E21 /* WXLabelList.app */ = {isa = PBXFileReference; explicitFileType = wrapper.application; includeInIndex = 0; path = WXLabelList.app; sourceTree = BUILT_PRODUCTS_DIR; };
		4BE7A6742040046F00F53E21 /* AppDelegate.h */ = {isa = PBXFileReference; lastKnownFileType = sourcecode.c.h; path = AppDelegate.h; sourceTree = "<group>"; };
		4BE7A6752040046F00F53E21 /* AppDelegate.m */ = {isa = PBXFileReference; lastKnownFileType = sourcecode.c.objc; path = AppDelegate.m; sourceTree = "<group>"; };
		4BE7A6772040046F00F53E21 /* ViewController.h */ = {isa = PBXFileReference; lastKnownFileType = sourcecode.c.h; path = ViewController.h; sourceTree = "<group>"; };
		4BE7A6782040046F00F53E21 /* ViewController.m */ = {isa = PBXFileReference; lastKnownFileType = sourcecode.c.objc; path = ViewController.m; sourceTree = "<group>"; };
		4BE7A67B2040046F00F53E21 /* Base */ = {isa = PBXFileReference; lastKnownFileType = file.storyboard; name = Base; path = Base.lproj/Main.storyboard; sourceTree = "<group>"; };
		4BE7A67D2040046F00F53E21 /* Assets.xcassets */ = {isa = PBXFileReference; lastKnownFileType = folder.assetcatalog; path = Assets.xcassets; sourceTree = "<group>"; };
		4BE7A6802040046F00F53E21 /* Base */ = {isa = PBXFileReference; lastKnownFileType = file.storyboard; name = Base; path = Base.lproj/LaunchScreen.storyboard; sourceTree = "<group>"; };
		4BE7A6822040046F00F53E21 /* Info.plist */ = {isa = PBXFileReference; lastKnownFileType = text.plist.xml; path = Info.plist; sourceTree = "<group>"; };
		4BE7A6832040046F00F53E21 /* main.m */ = {isa = PBXFileReference; lastKnownFileType = sourcecode.c.objc; path = main.m; sourceTree = "<group>"; };
		4BE7A68A2040048300F53E21 /* KKLabelView.h */ = {isa = PBXFileReference; fileEncoding = 4; lastKnownFileType = sourcecode.c.h; path = KKLabelView.h; sourceTree = "<group>"; };
		4BE7A68B2040048300F53E21 /* KKLabelView.m */ = {isa = PBXFileReference; fileEncoding = 4; lastKnownFileType = sourcecode.c.objc; path = KKLabelView.m; sourceTree = "<group>"; };
		4BE7A68D204004BA00F53E21 /* NSString+Extension.m */ = {isa = PBXFileReference; fileEncoding = 4; lastKnownFileType = sourcecode.c.objc; path = "NSString+Extension.m"; sourceTree = "<group>"; };
		4BE7A68E204004BA00F53E21 /* NSString+Extension.h */ = {isa = PBXFileReference; fileEncoding = 4; lastKnownFileType = sourcecode.c.h; path = "NSString+Extension.h"; sourceTree = "<group>"; };
		4BE7A690204004C500F53E21 /* UIViewExt.h */ = {isa = PBXFileReference; fileEncoding = 4; lastKnownFileType = sourcecode.c.h; path = UIViewExt.h; sourceTree = "<group>"; };
		4BE7A691204004C500F53E21 /* UIViewExt.m */ = {isa = PBXFileReference; fileEncoding = 4; lastKnownFileType = sourcecode.c.objc; path = UIViewExt.m; sourceTree = "<group>"; };
		4BE7A693204004CD00F53E21 /* UIView+IBExtension.m */ = {isa = PBXFileReference; fileEncoding = 4; lastKnownFileType = sourcecode.c.objc; path = "UIView+IBExtension.m"; sourceTree = "<group>"; };
		4BE7A694204004CD00F53E21 /* UIView+IBExtension.h */ = {isa = PBXFileReference; fileEncoding = 4; lastKnownFileType = sourcecode.c.h; path = "UIView+IBExtension.h"; sourceTree = "<group>"; };
		4BE7A696204004D800F53E21 /* UIColor+Extension.h */ = {isa = PBXFileReference; fileEncoding = 4; lastKnownFileType = sourcecode.c.h; path = "UIColor+Extension.h"; sourceTree = "<group>"; };
		4BE7A697204004D800F53E21 /* UIColor+Extension.m */ = {isa = PBXFileReference; fileEncoding = 4; lastKnownFileType = sourcecode.c.objc; path = "UIColor+Extension.m"; sourceTree = "<group>"; };
		4BE7A698204004D800F53E21 /* UIButton+Extension.m */ = {isa = PBXFileReference; fileEncoding = 4; lastKnownFileType = sourcecode.c.objc; path = "UIButton+Extension.m"; sourceTree = "<group>"; };
		4BE7A699204004D900F53E21 /* UIButton+Extension.h */ = {isa = PBXFileReference; fileEncoding = 4; lastKnownFileType = sourcecode.c.h; path = "UIButton+Extension.h"; sourceTree = "<group>"; };
		4BE7A69C204005B600F53E21 /* UIScreen+Extension.h */ = {isa = PBXFileReference; fileEncoding = 4; lastKnownFileType = sourcecode.c.h; path = "UIScreen+Extension.h"; sourceTree = "<group>"; };
		4BE7A69D204005B600F53E21 /* UIScreen+Extension.m */ = {isa = PBXFileReference; fileEncoding = 4; lastKnownFileType = sourcecode.c.objc; path = "UIScreen+Extension.m"; sourceTree = "<group>"; };
/* End PBXFileReference section */

/* Begin PBXFrameworksBuildPhase section */
		4BE7A66E2040046F00F53E21 /* Frameworks */ = {
			isa = PBXFrameworksBuildPhase;
			buildActionMask = 2147483647;
			files = (
			);
			runOnlyForDeploymentPostprocessing = 0;
		};
/* End PBXFrameworksBuildPhase section */

/* Begin PBXGroup section */
		4BE7A6682040046F00F53E21 = {
			isa = PBXGroup;
			children = (
				4BE7A6732040046F00F53E21 /* WXLabelList */,
				4BE7A6722040046F00F53E21 /* Products */,
			);
			sourceTree = "<group>";
		};
		4BE7A6722040046F00F53E21 /* Products */ = {
			isa = PBXGroup;
			children = (
				4BE7A6712040046F00F53E21 /* WXLabelList.app */,
			);
			name = Products;
			sourceTree = "<group>";
		};
		4BE7A6732040046F00F53E21 /* WXLabelList */ = {
			isa = PBXGroup;
			children = (
				4BE7A69F2040068A00F53E21 /* Category */,
				4BE7A6742040046F00F53E21 /* AppDelegate.h */,
				4BE7A6752040046F00F53E21 /* AppDelegate.m */,
				4BE7A6772040046F00F53E21 /* ViewController.h */,
				4BE7A6782040046F00F53E21 /* ViewController.m */,
				4BE7A68A2040048300F53E21 /* KKLabelView.h */,
				4BE7A68B2040048300F53E21 /* KKLabelView.m */,
				4BE7A67A2040046F00F53E21 /* Main.storyboard */,
				4BE7A67D2040046F00F53E21 /* Assets.xcassets */,
				4BE7A67F2040046F00F53E21 /* LaunchScreen.storyboard */,
				4BE7A6822040046F00F53E21 /* Info.plist */,
				4BE7A6832040046F00F53E21 /* main.m */,
			);
			path = WXLabelList;
			sourceTree = "<group>";
		};
		4BE7A69F2040068A00F53E21 /* Category */ = {
			isa = PBXGroup;
			children = (
				4BE7A699204004D900F53E21 /* UIButton+Extension.h */,
				4BE7A698204004D800F53E21 /* UIButton+Extension.m */,
				4BE7A696204004D800F53E21 /* UIColor+Extension.h */,
				4BE7A697204004D800F53E21 /* UIColor+Extension.m */,
				4BE7A69C204005B600F53E21 /* UIScreen+Extension.h */,
				4BE7A69D204005B600F53E21 /* UIScreen+Extension.m */,
				4BE7A690204004C500F53E21 /* UIViewExt.h */,
				4BE7A691204004C500F53E21 /* UIViewExt.m */,
				4BE7A694204004CD00F53E21 /* UIView+IBExtension.h */,
				4BE7A693204004CD00F53E21 /* UIView+IBExtension.m */,
				4BE7A68E204004BA00F53E21 /* NSString+Extension.h */,
				4BE7A68D204004BA00F53E21 /* NSString+Extension.m */,
			);
			path = Category;
			sourceTree = "<group>";
		};
/* End PBXGroup section */

/* Begin PBXNativeTarget section */
		4BE7A6702040046F00F53E21 /* WXLabelList */ = {
			isa = PBXNativeTarget;
			buildConfigurationList = 4BE7A6872040046F00F53E21 /* Build configuration list for PBXNativeTarget "WXLabelList" */;
			buildPhases = (
				4BE7A66D2040046F00F53E21 /* Sources */,
				4BE7A66E2040046F00F53E21 /* Frameworks */,
				4BE7A66F2040046F00F53E21 /* Resources */,
			);
			buildRules = (
			);
			dependencies = (
			);
			name = WXLabelList;
			productName = WXLabelList;
			productReference = 4BE7A6712040046F00F53E21 /* WXLabelList.app */;
			productType = "com.apple.product-type.application";
		};
/* End PBXNativeTarget section */

/* Begin PBXProject section */
		4BE7A6692040046F00F53E21 /* Project object */ = {
			isa = PBXProject;
			attributes = {
				LastUpgradeCheck = 0920;
				ORGANIZATIONNAME = fx;
				TargetAttributes = {
					4BE7A6702040046F00F53E21 = {
						CreatedOnToolsVersion = 9.2;
						ProvisioningStyle = Automatic;
					};
				};
			};
			buildConfigurationList = 4BE7A66C2040046F00F53E21 /* Build configuration list for PBXProject "WXLabelList" */;
			compatibilityVersion = "Xcode 8.0";
			developmentRegion = en;
			hasScannedForEncodings = 0;
			knownRegions = (
				en,
				Base,
			);
			mainGroup = 4BE7A6682040046F00F53E21;
			productRefGroup = 4BE7A6722040046F00F53E21 /* Products */;
			projectDirPath = "";
			projectRoot = "";
			targets = (
				4BE7A6702040046F00F53E21 /* WXLabelList */,
			);
		};
/* End PBXProject section */

/* Begin PBXResourcesBuildPhase section */
		4BE7A66F2040046F00F53E21 /* Resources */ = {
			isa = PBXResourcesBuildPhase;
			buildActionMask = 2147483647;
			files = (
				4BE7A6812040046F00F53E21 /* LaunchScreen.storyboard in Resources */,
				4BE7A67E2040046F00F53E21 /* Assets.xcassets in Resources */,
				4BE7A67C2040046F00F53E21 /* Main.storyboard in Resources */,
			);
			runOnlyForDeploymentPostprocessing = 0;
		};
/* End PBXResourcesBuildPhase section */

/* Begin PBXSourcesBuildPhase section */
		4BE7A66D2040046F00F53E21 /* Sources */ = {
			isa = PBXSourcesBuildPhase;
			buildActionMask = 2147483647;
			files = (
				4BE7A695204004CD00F53E21 /* UIView+IBExtension.m in Sources */,
				4BE7A68F204004BA00F53E21 /* NSString+Extension.m in Sources */,
				4BE7A6792040046F00F53E21 /* ViewController.m in Sources */,
				4BE7A69A204004D900F53E21 /* UIColor+Extension.m in Sources */,
				4BE7A68C2040048400F53E21 /* KKLabelView.m in Sources */,
				4BE7A69E204005B600F53E21 /* UIScreen+Extension.m in Sources */,
				4BE7A6842040046F00F53E21 /* main.m in Sources */,
				4BE7A692204004C500F53E21 /* UIViewExt.m in Sources */,
				4BE7A69B204004D900F53E21 /* UIButton+Extension.m in Sources */,
				4BE7A6762040046F00F53E21 /* AppDelegate.m in Sources */,
			);
			runOnlyForDeploymentPostprocessing = 0;
		};
/* End PBXSourcesBuildPhase section */

/* Begin PBXVariantGroup section */
		4BE7A67A2040046F00F53E21 /* Main.storyboard */ = {
			isa = PBXVariantGroup;
			children = (
				4BE7A67B2040046F00F53E21 /* Base */,
			);
			name = Main.storyboard;
			sourceTree = "<group>";
		};
		4BE7A67F2040046F00F53E21 /* LaunchScreen.storyboard */ = {
			isa = PBXVariantGroup;
			children = (
				4BE7A6802040046F00F53E21 /* Base */,
			);
			name = LaunchScreen.storyboard;
			sourceTree = "<group>";
		};
/* End PBXVariantGroup section */

/* Begin XCBuildConfiguration section */
		4BE7A6852040046F00F53E21 /* Debug */ = {
			isa = XCBuildConfiguration;
			buildSettings = {
				ALWAYS_SEARCH_USER_PATHS = NO;
				CLANG_ANALYZER_NONNULL = YES;
				CLANG_ANALYZER_NUMBER_OBJECT_CONVERSION = YES_AGGRESSIVE;
				CLANG_CXX_LANGUAGE_STANDARD = "gnu++14";
				CLANG_CXX_LIBRARY = "libc++";
				CLANG_ENABLE_MODULES = YES;
				CLANG_ENABLE_OBJC_ARC = YES;
				CLANG_WARN_BLOCK_CAPTURE_AUTORELEASING = YES;
				CLANG_WARN_BOOL_CONVERSION = YES;
				CLANG_WARN_COMMA = YES;
				CLANG_WARN_CONSTANT_CONVERSION = YES;
				CLANG_WARN_DIRECT_OBJC_ISA_USAGE = YES_ERROR;
				CLANG_WARN_DOCUMENTATION_COMMENTS = YES;
				CLANG_WARN_EMPTY_BODY = YES;
				CLANG_WARN_ENUM_CONVERSION = YES;
				CLANG_WARN_INFINITE_RECURSION = YES;
				CLANG_WARN_INT_CONVERSION = YES;
				CLANG_WARN_NON_LITERAL_NULL_CONVERSION = YES;
				CLANG_WARN_OBJC_LITERAL_CONVERSION = YES;
				CLANG_WARN_OBJC_ROOT_CLASS = YES_ERROR;
				CLANG_WARN_RANGE_LOOP_ANALYSIS = YES;
				CLANG_WARN_STRICT_PROTOTYPES = YES;
				CLANG_WARN_SUSPICIOUS_MOVE = YES;
				CLANG_WARN_UNGUARDED_AVAILABILITY = YES_AGGRESSIVE;
				CLANG_WARN_UNREACHABLE_CODE = YES;
				CLANG_WARN__DUPLICATE_METHOD_MATCH = YES;
				CODE_SIGN_IDENTITY = "iPhone Developer";
				COPY_PHASE_STRIP = NO;
				DEBUG_INFORMATION_FORMAT = dwarf;
				ENABLE_STRICT_OBJC_MSGSEND = YES;
				ENABLE_TESTABILITY = YES;
				GCC_C_LANGUAGE_STANDARD = gnu11;
				GCC_DYNAMIC_NO_PIC = NO;
				GCC_NO_COMMON_BLOCKS = YES;
				GCC_OPTIMIZATION_LEVEL = 0;
				GCC_PREPROCESSOR_DEFINITIONS = (
					"DEBUG=1",
					"$(inherited)",
				);
				GCC_WARN_64_TO_32_BIT_CONVERSION = YES;
				GCC_WARN_ABOUT_RETURN_TYPE = YES_ERROR;
				GCC_WARN_UNDECLARED_SELECTOR = YES;
				GCC_WARN_UNINITIALIZED_AUTOS = YES_AGGRESSIVE;
				GCC_WARN_UNUSED_FUNCTION = YES;
				GCC_WARN_UNUSED_VARIABLE = YES;
				IPHONEOS_DEPLOYMENT_TARGET = 11.2;
				MTL_ENABLE_DEBUG_INFO = YES;
				ONLY_ACTIVE_ARCH = YES;
				SDKROOT = iphoneos;
			};
			name = Debug;
		};
		4BE7A6862040046F00F53E21 /* Release */ = {
			isa = XCBuildConfiguration;
			buildSettings = {
				ALWAYS_SEARCH_USER_PATHS = NO;
				CLANG_ANALYZER_NONNULL = YES;
				CLANG_ANALYZER_NUMBER_OBJECT_CONVERSION = YES_AGGRESSIVE;
				CLANG_CXX_LANGUAGE_STANDARD = "gnu++14";
				CLANG_CXX_LIBRARY = "libc++";
				CLANG_ENABLE_MODULES = YES;
				CLANG_ENABLE_OBJC_ARC = YES;
				CLANG_WARN_BLOCK_CAPTURE_AUTORELEASING = YES;
				CLANG_WARN_BOOL_CONVERSION = YES;
				CLANG_WARN_COMMA = YES;
				CLANG_WARN_CONSTANT_CONVERSION = YES;
				CLANG_WARN_DIRECT_OBJC_ISA_USAGE = YES_ERROR;
				CLANG_WARN_DOCUMENTATION_COMMENTS = YES;
				CLANG_WARN_EMPTY_BODY = YES;
				CLANG_WARN_ENUM_CONVERSION = YES;
				CLANG_WARN_INFINITE_RECURSION = YES;
				CLANG_WARN_INT_CONVERSION = YES;
				CLANG_WARN_NON_LITERAL_NULL_CONVERSION = YES;
				CLANG_WARN_OBJC_LITERAL_CONVERSION = YES;
				CLANG_WARN_OBJC_ROOT_CLASS = YES_ERROR;
				CLANG_WARN_RANGE_LOOP_ANALYSIS = YES;
				CLANG_WARN_STRICT_PROTOTYPES = YES;
				CLANG_WARN_SUSPICIOUS_MOVE = YES;
				CLANG_WARN_UNGUARDED_AVAILABILITY = YES_AGGRESSIVE;
				CLANG_WARN_UNREACHABLE_CODE = YES;
				CLANG_WARN__DUPLICATE_METHOD_MATCH = YES;
				CODE_SIGN_IDENTITY = "iPhone Developer";
				COPY_PHASE_STRIP = NO;
				DEBUG_INFORMATION_FORMAT = "dwarf-with-dsym";
				ENABLE_NS_ASSERTIONS = NO;
				ENABLE_STRICT_OBJC_MSGSEND = YES;
				GCC_C_LANGUAGE_STANDARD = gnu11;
				GCC_NO_COMMON_BLOCKS = YES;
				GCC_WARN_64_TO_32_BIT_CONVERSION = YES;
				GCC_WARN_ABOUT_RETURN_TYPE = YES_ERROR;
				GCC_WARN_UNDECLARED_SELECTOR = YES;
				GCC_WARN_UNINITIALIZED_AUTOS = YES_AGGRESSIVE;
				GCC_WARN_UNUSED_FUNCTION = YES;
				GCC_WARN_UNUSED_VARIABLE = YES;
				IPHONEOS_DEPLOYMENT_TARGET = 11.2;
				MTL_ENABLE_DEBUG_INFO = NO;
				SDKROOT = iphoneos;
				VALIDATE_PRODUCT = YES;
			};
			name = Release;
		};
		4BE7A6882040046F00F53E21 /* Debug */ = {
			isa = XCBuildConfiguration;
			buildSettings = {
				ASSETCATALOG_COMPILER_APPICON_NAME = AppIcon;
				CODE_SIGN_STYLE = Automatic;
				DEVELOPMENT_TEAM = "";
				INFOPLIST_FILE = WXLabelList/Info.plist;
				LD_RUNPATH_SEARCH_PATHS = "$(inherited) @executable_path/Frameworks";
				PRODUCT_BUNDLE_IDENTIFIER = none;
				PRODUCT_NAME = "$(TARGET_NAME)";
				TARGETED_DEVICE_FAMILY = "1,2";
			};
			name = Debug;
		};
		4BE7A6892040046F00F53E21 /* Release */ = {
			isa = XCBuildConfiguration;
			buildSettings = {
				ASSETCATALOG_COMPILER_APPICON_NAME = AppIcon;
				CODE_SIGN_STYLE = Automatic;
				DEVELOPMENT_TEAM = "";
				INFOPLIST_FILE = WXLabelList/Info.plist;
				LD_RUNPATH_SEARCH_PATHS = "$(inherited) @executable_path/Frameworks";
				PRODUCT_BUNDLE_IDENTIFIER = none;
				PRODUCT_NAME = "$(TARGET_NAME)";
				TARGETED_DEVICE_FAMILY = "1,2";
			};
			name = Release;
		};
/* End XCBuildConfiguration section */

/* Begin XCConfigurationList section */
		4BE7A66C2040046F00F53E21 /* Build configuration list for PBXProject "WXLabelList" */ = {
			isa = XCConfigurationList;
			buildConfigurations = (
				4BE7A6852040046F00F53E21 /* Debug */,
				4BE7A6862040046F00F53E21 /* Release */,
			);
			defaultConfigurationIsVisible = 0;
			defaultConfigurationName = Release;
		};
		4BE7A6872040046F00F53E21 /* Build configuration list for PBXNativeTarget "WXLabelList" */ = {
			isa = XCConfigurationList;
			buildConfigurations = (
				4BE7A6882040046F00F53E21 /* Debug */,
				4BE7A6892040046F00F53E21 /* Release */,
			);
			defaultConfigurationIsVisible = 0;
			defaultConfigurationName = Release;
		};
/* End XCConfigurationList section */
	};
	rootObject = 4BE7A6692040046F00F53E21 /* Project object */;
}
